# Generated by pub
# See https://dart.dev/tools/pub/glossary#lockfile
packages:
  after_layout:
    dependency: transitive
    description:
      name: after_layout
      url: "https://pub.dartlang.org"
    source: hosted
    version: "1.1.0"
  animations:
    dependency: transitive
    description:
      name: animations
      url: "https://pub.dartlang.org"
    source: hosted
    version: "2.0.1"
  ansicolor:
    dependency: transitive
    description:
      name: ansicolor
      url: "https://pub.dartlang.org"
    source: hosted
    version: "2.0.1"
  archive:
    dependency: "direct main"
    description:
      name: archive
      url: "https://pub.dartlang.org"
    source: hosted
    version: "3.1.2"
  args:
    dependency: "direct main"
    description:
      name: args
      url: "https://pub.dartlang.org"
    source: hosted
    version: "2.3.0"
  async:
    dependency: transitive
    description:
      name: async
      url: "https://pub.dartlang.org"
    source: hosted
    version: "2.8.2"
  auto_size_text:
    dependency: "direct main"
    description:
      name: auto_size_text
      url: "https://pub.dartlang.org"
    source: hosted
    version: "3.0.0-nullsafety.0"
  boolean_selector:
    dependency: transitive
    description:
      name: boolean_selector
      url: "https://pub.dartlang.org"
    source: hosted
    version: "2.1.0"
  characters:
    dependency: transitive
    description:
      name: characters
      url: "https://pub.dartlang.org"
    source: hosted
    version: "1.2.0"
  charcode:
    dependency: transitive
    description:
      name: charcode
      url: "https://pub.dartlang.org"
    source: hosted
    version: "1.3.1"
  clock:
    dependency: transitive
    description:
      name: clock
      url: "https://pub.dartlang.org"
    source: hosted
    version: "1.1.0"
  collection:
    dependency: transitive
    description:
      name: collection
      url: "https://pub.dartlang.org"
    source: hosted
    version: "1.15.0"
  connectivity_plus:
    dependency: "direct main"
    description:
      name: connectivity_plus
      url: "https://pub.dartlang.org"
    source: hosted
    version: "1.2.0"
  connectivity_plus_linux:
    dependency: transitive
    description:
      name: connectivity_plus_linux
      url: "https://pub.dartlang.org"
    source: hosted
    version: "1.1.0"
  connectivity_plus_macos:
    dependency: transitive
    description:
      name: connectivity_plus_macos
      url: "https://pub.dartlang.org"
    source: hosted
    version: "1.1.0"
  connectivity_plus_platform_interface:
    dependency: transitive
    description:
      name: connectivity_plus_platform_interface
      url: "https://pub.dartlang.org"
    source: hosted
    version: "1.1.0"
  connectivity_plus_web:
    dependency: transitive
    description:
      name: connectivity_plus_web
      url: "https://pub.dartlang.org"
    source: hosted
    version: "1.1.0+1"
  connectivity_plus_windows:
    dependency: transitive
    description:
      name: connectivity_plus_windows
      url: "https://pub.dartlang.org"
    source: hosted
    version: "1.1.0"
  contextmenu:
    dependency: "direct main"
    description:
      name: contextmenu
      url: "https://pub.dartlang.org"
    source: hosted
    version: "2.0.1"
  cross_file:
    dependency: transitive
    description:
      name: cross_file
      url: "https://pub.dartlang.org"
    source: hosted
    version: "0.3.1+5"
  crypto:
    dependency: "direct main"
    description:
      name: crypto
      url: "https://pub.dartlang.org"
    source: hosted
    version: "3.0.1"
  dart_minecraft:
    dependency: "direct main"
    description:
      name: dart_minecraft
      url: "https://pub.dartlang.org"
    source: hosted
    version: "0.4.0"
  dbus:
    dependency: transitive
    description:
      name: dbus
      url: "https://pub.dartlang.org"
    source: hosted
    version: "0.5.6"
  dio_http:
    dependency: "direct main"
    description:
      name: dio_http
      url: "https://pub.dartlang.org"
    source: hosted
    version: "5.0.4"
  dynamic_themes:
    dependency: "direct main"
    description:
      name: dynamic_themes
      url: "https://pub.dartlang.org"
    source: hosted
    version: "1.1.0"
  enum_to_string:
    dependency: transitive
    description:
      name: enum_to_string
      url: "https://pub.dartlang.org"
    source: hosted
    version: "2.0.1"
  fake_async:
    dependency: transitive
    description:
      name: fake_async
      url: "https://pub.dartlang.org"
    source: hosted
    version: "1.2.0"
  ffi:
    dependency: transitive
    description:
      name: ffi
      url: "https://pub.dartlang.org"
    source: hosted
    version: "1.1.2"
  file:
    dependency: transitive
    description:
      name: file
      url: "https://pub.dartlang.org"
    source: hosted
    version: "6.1.2"
  file_selector:
    dependency: "direct main"
    description:
      name: file_selector
      url: "https://pub.dartlang.org"
    source: hosted
    version: "0.8.2"
  file_selector_linux:
    dependency: "direct main"
    description:
      name: file_selector_linux
      url: "https://pub.dartlang.org"
    source: hosted
    version: "0.0.2+1"
  file_selector_macos:
    dependency: "direct main"
    description:
      name: file_selector_macos
      url: "https://pub.dartlang.org"
    source: hosted
    version: "0.0.4+1"
  file_selector_platform_interface:
    dependency: "direct main"
    description:
      name: file_selector_platform_interface
      url: "https://pub.dartlang.org"
    source: hosted
    version: "2.0.2"
  file_selector_web:
    dependency: transitive
    description:
      name: file_selector_web
      url: "https://pub.dartlang.org"
    source: hosted
    version: "0.8.1+2"
  file_selector_windows:
    dependency: "direct main"
    description:
      name: file_selector_windows
      url: "https://pub.dartlang.org"
    source: hosted
    version: "0.0.2+1"
  file_utils:
    dependency: transitive
    description:
      name: file_utils
      url: "https://pub.dartlang.org"
    source: hosted
    version: "1.0.1"
  flag:
    dependency: "direct main"
    description:
      name: flag
      url: "https://pub.dartlang.org"
    source: hosted
    version: "5.0.1"
  flutter:
    dependency: "direct main"
    description: flutter
    source: sdk
    version: "0.0.0"
  flutter_lints:
    dependency: "direct dev"
    description:
      name: flutter_lints
      url: "https://pub.dartlang.org"
    source: hosted
    version: "1.0.4"
  flutter_markdown:
    dependency: "direct main"
    description:
      name: flutter_markdown
      url: "https://pub.dartlang.org"
    source: hosted
    version: "0.6.6"
  flutter_svg:
    dependency: transitive
    description:
      name: flutter_svg
      url: "https://pub.dartlang.org"
    source: hosted
    version: "0.22.0"
  flutter_test:
    dependency: "direct dev"
    description: flutter
    source: sdk
    version: "0.0.0"
  flutter_web_plugins:
    dependency: transitive
    description: flutter
    source: sdk
    version: "0.0.0"
  globbing:
    dependency: transitive
    description:
      name: globbing
      url: "https://pub.dartlang.org"
    source: hosted
    version: "1.0.0"
  http:
    dependency: "direct main"
    description:
      name: http
      url: "https://pub.dartlang.org"
    source: hosted
    version: "0.13.3"
  http_parser:
    dependency: transitive
    description:
      name: http_parser
      url: "https://pub.dartlang.org"
    source: hosted
    version: "4.0.0"
  injector:
    dependency: transitive
    description:
      name: injector
      url: "https://pub.dartlang.org"
    source: hosted
    version: "2.0.0"
  intl:
    dependency: "direct main"
    description:
      name: intl
      url: "https://pub.dartlang.org"
    source: hosted
    version: "0.17.0"
  io:
    dependency: "direct main"
    description:
      name: io
      url: "https://pub.dartlang.org"
    source: hosted
    version: "1.0.3"
  js:
    dependency: transitive
    description:
      name: js
      url: "https://pub.dartlang.org"
    source: hosted
    version: "0.6.3"
  line_icons:
    dependency: "direct main"
    description:
      name: line_icons
      url: "https://pub.dartlang.org"
    source: hosted
    version: "2.0.1"
  lints:
    dependency: transitive
    description:
      name: lints
      url: "https://pub.dartlang.org"
    source: hosted
    version: "1.0.1"
  markdown:
    dependency: transitive
    description:
      name: markdown
      url: "https://pub.dartlang.org"
    source: hosted
    version: "4.0.0"
  matcher:
    dependency: transitive
    description:
      name: matcher
      url: "https://pub.dartlang.org"
    source: hosted
    version: "0.12.11"
  meta:
    dependency: transitive
    description:
      name: meta
      url: "https://pub.dartlang.org"
    source: hosted
    version: "1.7.0"
  msix:
    dependency: "direct dev"
    description:
      name: msix
      url: "https://pub.dartlang.org"
    source: hosted
    version: "2.1.3"
  nested:
    dependency: transitive
    description:
      name: nested
      url: "https://pub.dartlang.org"
    source: hosted
    version: "1.0.0"
  nm:
    dependency: transitive
    description:
      name: nm
      url: "https://pub.dartlang.org"
    source: hosted
    version: "0.3.0"
  no_context_navigation:
    dependency: "direct main"
    description:
      name: no_context_navigation
      url: "https://pub.dartlang.org"
    source: hosted
    version: "2.1.2"
  oauth2:
    dependency: "direct main"
    description:
      name: oauth2
      url: "https://pub.dartlang.org"
    source: hosted
    version: "2.0.0"
  package_config:
    dependency: transitive
    description:
      name: package_config
      url: "https://pub.dartlang.org"
    source: hosted
    version: "2.0.2"
  path:
    dependency: "direct main"
    description:
      name: path
      url: "https://pub.dartlang.org"
    source: hosted
    version: "1.8.0"
  path_drawing:
    dependency: transitive
    description:
      name: path_drawing
      url: "https://pub.dartlang.org"
    source: hosted
    version: "0.5.1"
  path_parsing:
    dependency: transitive
    description:
      name: path_parsing
      url: "https://pub.dartlang.org"
    source: hosted
    version: "0.2.1"
  path_provider:
    dependency: "direct main"
    description:
      name: path_provider
      url: "https://pub.dartlang.org"
    source: hosted
    version: "2.0.5"
  path_provider_linux:
    dependency: transitive
    description:
      name: path_provider_linux
      url: "https://pub.dartlang.org"
    source: hosted
    version: "2.1.0"
  path_provider_macos:
    dependency: transitive
    description:
      name: path_provider_macos
      url: "https://pub.dartlang.org"
    source: hosted
    version: "2.0.2"
  path_provider_platform_interface:
    dependency: transitive
    description:
      name: path_provider_platform_interface
      url: "https://pub.dartlang.org"
    source: hosted
    version: "2.0.1"
  path_provider_windows:
    dependency: transitive
    description:
      name: path_provider_windows
      url: "https://pub.dartlang.org"
    source: hosted
    version: "2.0.3"
  pedantic:
    dependency: transitive
    description:
      name: pedantic
      url: "https://pub.dartlang.org"
    source: hosted
    version: "1.11.1"
  petitparser:
    dependency: transitive
    description:
      name: petitparser
      url: "https://pub.dartlang.org"
    source: hosted
    version: "4.3.0"
  platform:
    dependency: transitive
    description:
      name: platform
      url: "https://pub.dartlang.org"
    source: hosted
    version: "3.0.2"
  plugin_platform_interface:
    dependency: transitive
    description:
      name: plugin_platform_interface
      url: "https://pub.dartlang.org"
    source: hosted
    version: "2.0.1"
  process:
    dependency: transitive
    description:
      name: process
      url: "https://pub.dartlang.org"
    source: hosted
    version: "4.2.3"
  provider:
    dependency: "direct main"
    description:
      name: provider
      url: "https://pub.dartlang.org"
    source: hosted
    version: "6.0.1"
  quiver:
    dependency: transitive
    description:
      name: quiver
      url: "https://pub.dartlang.org"
    source: hosted
    version: "3.0.1"
  shared_preferences:
    dependency: transitive
    description:
      name: shared_preferences
      url: "https://pub.dartlang.org"
    source: hosted
    version: "2.0.8"
  shared_preferences_linux:
    dependency: transitive
    description:
      name: shared_preferences_linux
      url: "https://pub.dartlang.org"
    source: hosted
    version: "2.0.2"
  shared_preferences_macos:
    dependency: transitive
    description:
      name: shared_preferences_macos
      url: "https://pub.dartlang.org"
    source: hosted
    version: "2.0.2"
  shared_preferences_platform_interface:
    dependency: transitive
    description:
      name: shared_preferences_platform_interface
      url: "https://pub.dartlang.org"
    source: hosted
    version: "2.0.0"
  shared_preferences_web:
    dependency: transitive
    description:
      name: shared_preferences_web
      url: "https://pub.dartlang.org"
    source: hosted
    version: "2.0.2"
  shared_preferences_windows:
    dependency: transitive
    description:
      name: shared_preferences_windows
      url: "https://pub.dartlang.org"
    source: hosted
    version: "2.0.2"
  sky_engine:
    dependency: transitive
    description: flutter
    source: sdk
    version: "0.0.99"
  source_span:
    dependency: transitive
    description:
      name: source_span
      url: "https://pub.dartlang.org"
    source: hosted
    version: "1.8.1"
  split_view:
    dependency: "direct main"
    description:
      name: split_view
      url: "https://pub.dartlang.org"
    source: hosted
    version: "3.1.0"
  stack_trace:
    dependency: transitive
    description:
      name: stack_trace
      url: "https://pub.dartlang.org"
    source: hosted
    version: "1.10.0"
  stream_channel:
    dependency: transitive
    description:
      name: stream_channel
      url: "https://pub.dartlang.org"
    source: hosted
    version: "2.1.0"
  string_scanner:
    dependency: transitive
    description:
      name: string_scanner
      url: "https://pub.dartlang.org"
    source: hosted
    version: "1.1.0"
  system_info:
    dependency: "direct main"
    description:
      name: system_info
      url: "https://pub.dartlang.org"
    source: hosted
    version: "1.0.1"
  term_glyph:
    dependency: transitive
    description:
      name: term_glyph
      url: "https://pub.dartlang.org"
    source: hosted
    version: "1.2.0"
  test_api:
    dependency: transitive
    description:
      name: test_api
      url: "https://pub.dartlang.org"
    source: hosted
    version: "0.4.3"
  toml:
    dependency: "direct main"
    description:
      name: toml
      url: "https://pub.dartlang.org"
    source: hosted
    version: "0.11.0"
  typed_data:
    dependency: transitive
    description:
      name: typed_data
      url: "https://pub.dartlang.org"
    source: hosted
    version: "1.3.0"
  url_launcher:
    dependency: "direct main"
    description:
      name: url_launcher
      url: "https://pub.dartlang.org"
    source: hosted
    version: "6.0.12"
  url_launcher_linux:
    dependency: transitive
    description:
      name: url_launcher_linux
      url: "https://pub.dartlang.org"
    source: hosted
    version: "2.0.2"
  url_launcher_macos:
    dependency: transitive
    description:
      name: url_launcher_macos
      url: "https://pub.dartlang.org"
    source: hosted
    version: "2.0.2"
  url_launcher_platform_interface:
    dependency: transitive
    description:
      name: url_launcher_platform_interface
      url: "https://pub.dartlang.org"
    source: hosted
    version: "2.0.4"
  url_launcher_web:
    dependency: transitive
    description:
      name: url_launcher_web
      url: "https://pub.dartlang.org"
    source: hosted
    version: "2.0.4"
  url_launcher_windows:
    dependency: transitive
    description:
      name: url_launcher_windows
      url: "https://pub.dartlang.org"
    source: hosted
    version: "2.0.2"
  uuid:
    dependency: transitive
    description:
      name: uuid
      url: "https://pub.dartlang.org"
    source: hosted
    version: "3.0.4"
  vector_math:
    dependency: transitive
    description:
      name: vector_math
      url: "https://pub.dartlang.org"
    source: hosted
    version: "2.1.1"
  watcher:
    dependency: "direct main"
    description:
      name: watcher
      url: "https://pub.dartlang.org"
    source: hosted
    version: "1.0.0"
  win32:
    dependency: transitive
    description:
      name: win32
      url: "https://pub.dartlang.org"
    source: hosted
    version: "2.2.9"
  xdg_directories:
    dependency: transitive
    description:
      name: xdg_directories
      url: "https://pub.dartlang.org"
    source: hosted
    version: "0.2.0"
  xml:
    dependency: transitive
    description:
      name: xml
      url: "https://pub.dartlang.org"
    source: hosted
    version: "5.3.0"
  yaml:
    dependency: transitive
    description:
      name: yaml
      url: "https://pub.dartlang.org"
    source: hosted
    version: "3.1.0"
sdks:
  dart: ">=2.14.0 <3.0.0"
  flutter: ">=2.5.0"
